
Microsoft Visual Studio Solution File, Format Version 12.00
# Visual Studio Version 17
VisualStudioVersion = 17.4.33213.308
MinimumVisualStudioVersion = 10.0.40219.1
Project("{8BC9CEB8-8B4A-11D0-8D11-00A0C91BC942}") = "win-remove-a-color-japanese", "win-remove-a-color-japanese\win-remove-a-color-japanese.vcxproj", "{8ED4743C-2142-44B1-8F16-F840182293AC}"
EndProject
Global
	GlobalSection(SolutionConfigurationPlatforms) = preSolution
		Debug|x64 = Debug|x64
		Debug|x86 = Debug|x86
		Release|x64 = Release|x64
		Release|x86 = Release|x86
	EndGlobalSection
	GlobalSection(ProjectConfigurationPlatforms) = postSolution
		{8ED4743C-2142-44B1-8F16-F840182293AC}.Debug|x64.ActiveCfg = Debug|x64
		{8ED4743C-2142-44B1-8F16-F840182293AC}.Debug|x64.Build.0 = Debug|x64
		{8ED4743C-2142-44B1-8F16-F840182293AC}.Debug|x86.ActiveCfg = Debug|Win32
		{8ED4743C-2142-44B1-8F16-F840182293AC}.Debug|x86.Build.0 = Debug|Win32
		{8ED4743C-2142-44B1-8F16-F840182293AC}.Release|x64.ActiveCfg = Release|x64
		{8ED4743C-2142-44B1-8F16-F840182293AC}.Release|x64.Build.0 = Release|x64
		{8ED4743C-2142-44B1-8F16-F840182293AC}.Release|x86.ActiveCfg = Release|Win32
		{8ED4743C-2142-44B1-8F16-F840182293AC}.Release|x86.Build.0 = Release|Win32
	EndGlobalSection
	GlobalSection(SolutionProperties) = preSolution
		HideSolutionNode = FALSE
	EndGlobalSection
	GlobalSection(ExtensibilityGlobals) = postSolution
		SolutionGuid = {1B199C1C-B578-48F7-A7A2-E1C8C8CD3A92}
	EndGlobalSection
EndGlobal
